
Microsoft Visual Studio Solution File, Format Version 12.00
# Visual Studio Version 16
VisualStudioVersion = 16.0.30907.101
MinimumVisualStudioVersion = 10.0.40219.1
Project("{FAE04EC0-301F-11D3-BF4B-00C04F79EFBC}") = "CarRequirement", "Car\CarRequirement.csproj", "{E094A6D4-6CED-416F-88D2-FEA09B23DA7A}"
EndProject
Project("{FAE04EC0-301F-11D3-BF4B-00C04F79EFBC}") = "Car_TestCases", "Car_TestCases\Car_TestCases.csproj", "{23DB7E42-69AE-4C65-873B-FAF4380C119C}"
EndProject
Global
	GlobalSection(SolutionConfigurationPlatforms) = preSolution
		Debug|Any CPU = Debug|Any CPU
		Release|Any CPU = Release|Any CPU
	EndGlobalSection
	GlobalSection(ProjectConfigurationPlatforms) = postSolution
		{E094A6D4-6CED-416F-88D2-FEA09B23DA7A}.Debug|Any CPU.ActiveCfg = Debug|Any CPU
		{E094A6D4-6CED-416F-88D2-FEA09B23DA7A}.Debug|Any CPU.Build.0 = Debug|Any CPU
		{E094A6D4-6CED-416F-88D2-FEA09B23DA7A}.Release|Any CPU.ActiveCfg = Release|Any CPU
		{E094A6D4-6CED-416F-88D2-FEA09B23DA7A}.Release|Any CPU.Build.0 = Release|Any CPU
		{23DB7E42-69AE-4C65-873B-FAF4380C119C}.Debug|Any CPU.ActiveCfg = Debug|Any CPU
		{23DB7E42-69AE-4C65-873B-FAF4380C119C}.Debug|Any CPU.Build.0 = Debug|Any CPU
		{23DB7E42-69AE-4C65-873B-FAF4380C119C}.Release|Any CPU.ActiveCfg = Release|Any CPU
		{23DB7E42-69AE-4C65-873B-FAF4380C119C}.Release|Any CPU.Build.0 = Release|Any CPU
	EndGlobalSection
	GlobalSection(SolutionProperties) = preSolution
		HideSolutionNode = FALSE
	EndGlobalSection
	GlobalSection(ExtensibilityGlobals) = postSolution
		SolutionGuid = {05B11081-60F7-4800-AA58-49966F82F624}
	EndGlobalSection
EndGlobal
